
Microsoft Visual Studio Solution File, Format Version 12.00
# Visual Studio 15
VisualStudioVersion = 15.0.28307.271
MinimumVisualStudioVersion = 10.0.40219.1
Project("{FAE04EC0-301F-11D3-BF4B-00C04F79EFBC}") = "GenerateLabelsOnTheFly", "GenerateLabelsOnTheFly\GenerateLabelsOnTheFly.csproj", "{1DB65102-2C91-487D-9E30-822EB4F69124}"
EndProject
Global
	GlobalSection(SolutionConfigurationPlatforms) = preSolution
		Debug|Any CPU = Debug|Any CPU
		Release|Any CPU = Release|Any CPU
	EndGlobalSection
	GlobalSection(ProjectConfigurationPlatforms) = postSolution
		{1DB65102-2C91-487D-9E30-822EB4F69124}.Debug|Any CPU.ActiveCfg = Debug|Any CPU
		{1DB65102-2C91-487D-9E30-822EB4F69124}.Debug|Any CPU.Build.0 = Debug|Any CPU
		{1DB65102-2C91-487D-9E30-822EB4F69124}.Release|Any CPU.ActiveCfg = Release|Any CPU
		{1DB65102-2C91-487D-9E30-822EB4F69124}.Release|Any CPU.Build.0 = Release|Any CPU
	EndGlobalSection
	GlobalSection(SolutionProperties) = preSolution
		HideSolutionNode = FALSE
	EndGlobalSection
	GlobalSection(ExtensibilityGlobals) = postSolution
		SolutionGuid = {F674BE4F-F0AD-472A-9C97-C2A9C0AA5584}
	EndGlobalSection
EndGlobal
